// !$*UTF8*$!
{
	archiveVersion = 1;
	classes = {
	};
	objectVersion = 56;
	objects = {

/* Begin PBXBuildFile section */
		8354ADDF2F0318C9006D7B42 /* SharedComponents.swift in Sources */ = {isa = PBXBuildFile; fileRef = 8354ADDE2F0318C9006D7B42 /* SharedComponents.swift */; };
		8354ADE32F031916006D7B42 /* BUILD_FIX_README.md in Resources */ = {isa = PBXBuildFile; fileRef = 8354ADE22F031916006D7B42 /* BUILD_FIX_README.md */; };
		8354ADE52F031983006D7B42 /* RYCHLA_OPRAVA.md in Resources */ = {isa = PBXBuildFile; fileRef = 8354ADE42F031983006D7B42 /* RYCHLA_OPRAVA.md */; };
		A10000010000000000000001 /* TransitAIApp.swift in Sources */ = {isa = PBXBuildFile; fileRef = A20000010000000000000001 /* TransitAIApp.swift */; };
		A10000020000000000000002 /* ContentView.swift in Sources */ = {isa = PBXBuildFile; fileRef = A20000020000000000000002 /* ContentView.swift */; };
		A10000030000000000000003 /* TransitData.swift in Sources */ = {isa = PBXBuildFile; fileRef = A20000030000000000000003 /* TransitData.swift */; };
		A10000040000000000000004 /* StringMatcher.swift in Sources */ = {isa = PBXBuildFile; fileRef = A20000040000000000000004 /* StringMatcher.swift */; };
		A10000050000000000000005 /* AIEngine.swift in Sources */ = {isa = PBXBuildFile; fileRef = A20000050000000000000005 /* AIEngine.swift */; };
		A10000060000000000000006 /* LocationManager.swift in Sources */ = {isa = PBXBuildFile; fileRef = A20000060000000000000006 /* LocationManager.swift */; };
		A10000070000000000000007 /* SpeechRecognizer.swift in Sources */ = {isa = PBXBuildFile; fileRef = A20000070000000000000007 /* SpeechRecognizer.swift */; };
		A10000080000000000000008 /* DataPersistence.swift in Sources */ = {isa = PBXBuildFile; fileRef = A20000080000000000000008 /* DataPersistence.swift */; };
		A10000090000000000000009 /* ChatScreen.swift in Sources */ = {isa = PBXBuildFile; fileRef = A20000090000000000000009 /* ChatScreen.swift */; };
		A10000100000000000000010 /* NearbyStopsScreen.swift in Sources */ = {isa = PBXBuildFile; fileRef = A20000100000000000000010 /* NearbyStopsScreen.swift */; };
		A10000110000000000000011 /* SavedScreen.swift in Sources */ = {isa = PBXBuildFile; fileRef = A20000110000000000000011 /* SavedScreen.swift */; };
		A10000120000000000000012 /* SettingsScreen.swift in Sources */ = {isa = PBXBuildFile; fileRef = A20000120000000000000012 /* SettingsScreen.swift */; };
		A10000130000000000000013 /* MapView.swift in Sources */ = {isa = PBXBuildFile; fileRef = A20000130000000000000013 /* MapView.swift */; };
		A10000140000000000000014 /* RouteModal.swift in Sources */ = {isa = PBXBuildFile; fileRef = A20000140000000000000014 /* RouteModal.swift */; };
		A10000150000000000000015 /* Assets.xcassets in Resources */ = {isa = PBXBuildFile; fileRef = A20000150000000000000015 /* Assets.xcassets */; };
/* End PBXBuildFile section */

/* Begin PBXFileReference section */
		8354ADDE2F0318C9006D7B42 /* SharedComponents.swift */ = {isa = PBXFileReference; lastKnownFileType = sourcecode.swift; path = SharedComponents.swift; sourceTree = "<group>"; };
		8354ADE22F031916006D7B42 /* BUILD_FIX_README.md */ = {isa = PBXFileReference; lastKnownFileType = net.daringfireball.markdown; path = BUILD_FIX_README.md; sourceTree = "<group>"; };
		8354ADE42F031983006D7B42 /* RYCHLA_OPRAVA.md */ = {isa = PBXFileReference; lastKnownFileType = net.daringfireball.markdown; path = RYCHLA_OPRAVA.md; sourceTree = "<group>"; };
		A00000010000000000000001 /* TransitAI.app */ = {isa = PBXFileReference; explicitFileType = wrapper.application; includeInIndex = 0; path = TransitAI.app; sourceTree = BUILT_PRODUCTS_DIR; };
		A20000010000000000000001 /* TransitAIApp.swift */ = {isa = PBXFileReference; lastKnownFileType = sourcecode.swift; path = TransitAIApp.swift; sourceTree = "<group>"; };
		A20000020000000000000002 /* ContentView.swift */ = {isa = PBXFileReference; lastKnownFileType = sourcecode.swift; path = ContentView.swift; sourceTree = "<group>"; };
		A20000030000000000000003 /* TransitData.swift */ = {isa = PBXFileReference; lastKnownFileType = sourcecode.swift; path = TransitData.swift; sourceTree = "<group>"; };
		A20000040000000000000004 /* StringMatcher.swift */ = {isa = PBXFileReference; lastKnownFileType = sourcecode.swift; path = StringMatcher.swift; sourceTree = "<group>"; };
		A20000050000000000000005 /* AIEngine.swift */ = {isa = PBXFileReference; lastKnownFileType = sourcecode.swift; path = AIEngine.swift; sourceTree = "<group>"; };
		A20000060000000000000006 /* LocationManager.swift */ = {isa = PBXFileReference; lastKnownFileType = sourcecode.swift; path = LocationManager.swift; sourceTree = "<group>"; };
		A20000070000000000000007 /* SpeechRecognizer.swift */ = {isa = PBXFileReference; lastKnownFileType = sourcecode.swift; path = SpeechRecognizer.swift; sourceTree = "<group>"; };
		A20000080000000000000008 /* DataPersistence.swift */ = {isa = PBXFileReference; lastKnownFileType = sourcecode.swift; path = DataPersistence.swift; sourceTree = "<group>"; };
		A20000090000000000000009 /* ChatScreen.swift */ = {isa = PBXFileReference; lastKnownFileType = sourcecode.swift; path = ChatScreen.swift; sourceTree = "<group>"; };
		A20000100000000000000010 /* NearbyStopsScreen.swift */ = {isa = PBXFileReference; lastKnownFileType = sourcecode.swift; path = NearbyStopsScreen.swift; sourceTree = "<group>"; };
		A20000110000000000000011 /* SavedScreen.swift */ = {isa = PBXFileReference; lastKnownFileType = sourcecode.swift; path = SavedScreen.swift; sourceTree = "<group>"; };
		A20000120000000000000012 /* SettingsScreen.swift */ = {isa = PBXFileReference; lastKnownFileType = sourcecode.swift; path = SettingsScreen.swift; sourceTree = "<group>"; };
		A20000130000000000000013 /* MapView.swift */ = {isa = PBXFileReference; lastKnownFileType = sourcecode.swift; path = MapView.swift; sourceTree = "<group>"; };
		A20000140000000000000014 /* RouteModal.swift */ = {isa = PBXFileReference; lastKnownFileType = sourcecode.swift; path = RouteModal.swift; sourceTree = "<group>"; };
		A20000150000000000000015 /* Assets.xcassets */ = {isa = PBXFileReference; lastKnownFileType = folder.assetcatalog; path = Assets.xcassets; sourceTree = "<group>"; };
		A20000160000000000000016 /* Info.plist */ = {isa = PBXFileReference; lastKnownFileType = text.plist.xml; path = Info.plist; sourceTree = "<group>"; };
/* End PBXFileReference section */

/* Begin PBXFrameworksBuildPhase section */
		A30000010000000000000001 /* Frameworks */ = {
			isa = PBXFrameworksBuildPhase;
			buildActionMask = 2147483647;
			files = (
			);
			runOnlyForDeploymentPostprocessing = 0;
		};
/* End PBXFrameworksBuildPhase section */

/* Begin PBXGroup section */
		A40000010000000000000001 = {
			isa = PBXGroup;
			children = (
				A40000020000000000000002 /* TransitAI */,
				A40000030000000000000003 /* Products */,
			);
			sourceTree = "<group>";
		};
		A40000020000000000000002 /* TransitAI */ = {
			isa = PBXGroup;
			children = (
				A20000010000000000000001 /* TransitAIApp.swift */,
				A20000020000000000000002 /* ContentView.swift */,
				A40000040000000000000004 /* Models */,
				A40000050000000000000005 /* Services */,
				A40000060000000000000006 /* Views */,
				A20000150000000000000015 /* Assets.xcassets */,
				A20000160000000000000016 /* Info.plist */,
			);
			path = TransitAI;
			sourceTree = "<group>";
		};
		A40000030000000000000003 /* Products */ = {
			isa = PBXGroup;
			children = (
				A00000010000000000000001 /* TransitAI.app */,
			);
			name = Products;
			sourceTree = "<group>";
		};
		A40000040000000000000004 /* Models */ = {
			isa = PBXGroup;
			children = (
				A20000030000000000000003 /* TransitData.swift */,
				A20000040000000000000004 /* StringMatcher.swift */,
			);
			path = Models;
			sourceTree = "<group>";
		};
		A40000050000000000000005 /* Services */ = {
			isa = PBXGroup;
			children = (
				A20000050000000000000005 /* AIEngine.swift */,
				A20000060000000000000006 /* LocationManager.swift */,
				A20000070000000000000007 /* SpeechRecognizer.swift */,
				A20000080000000000000008 /* DataPersistence.swift */,
			);
			path = Services;
			sourceTree = "<group>";
		};
		A40000060000000000000006 /* Views */ = {
			isa = PBXGroup;
			children = (
				A20000090000000000000009 /* ChatScreen.swift */,
				A20000100000000000000010 /* NearbyStopsScreen.swift */,
				A20000110000000000000011 /* SavedScreen.swift */,
				A20000120000000000000012 /* SettingsScreen.swift */,
				A20000130000000000000013 /* MapView.swift */,
				A20000140000000000000014 /* RouteModal.swift */,
				8354ADDE2F0318C9006D7B42 /* SharedComponents.swift */,
				8354ADE22F031916006D7B42 /* BUILD_FIX_README.md */,
				8354ADE42F031983006D7B42 /* RYCHLA_OPRAVA.md */,
			);
			path = Views;
			sourceTree = "<group>";
		};
/* End PBXGroup section */

/* Begin PBXNativeTarget section */
		A50000010000000000000001 /* TransitAI */ = {
			isa = PBXNativeTarget;
			buildConfigurationList = A70000010000000000000001 /* Build configuration list for PBXNativeTarget "TransitAI" */;
			buildPhases = (
				A50000020000000000000002 /* Sources */,
				A30000010000000000000001 /* Frameworks */,
				A50000030000000000000003 /* Resources */,
			);
			buildRules = (
			);
			dependencies = (
			);
			name = TransitAI;
			productName = TransitAI;
			productReference = A00000010000000000000001 /* TransitAI.app */;
			productType = "com.apple.product-type.application";
		};
/* End PBXNativeTarget section */

/* Begin PBXProject section */
		A60000010000000000000001 /* Project object */ = {
			isa = PBXProject;
			attributes = {
				BuildIndependentTargetsInParallel = 1;
				LastSwiftUpdateCheck = 1500;
				LastUpgradeCheck = 1500;
				TargetAttributes = {
					A50000010000000000000001 = {
						CreatedOnToolsVersion = 15.0;
					};
				};
			};
			buildConfigurationList = A70000020000000000000002 /* Build configuration list for PBXProject "TransitAI" */;
			compatibilityVersion = "Xcode 14.0";
			developmentRegion = cs;
			hasScannedForEncodings = 0;
			knownRegions = (
				en,
				cs,
				Base,
			);
			mainGroup = A40000010000000000000001;
			productRefGroup = A40000030000000000000003 /* Products */;
			projectDirPath = "";
			projectRoot = "";
			targets = (
				A50000010000000000000001 /* TransitAI */,
			);
		};
/* End PBXProject section */

/* Begin PBXResourcesBuildPhase section */
		A50000030000000000000003 /* Resources */ = {
			isa = PBXResourcesBuildPhase;
			buildActionMask = 2147483647;
			files = (
				A10000150000000000000015 /* Assets.xcassets in Resources */,
				8354ADE32F031916006D7B42 /* BUILD_FIX_README.md in Resources */,
				8354ADE52F031983006D7B42 /* RYCHLA_OPRAVA.md in Resources */,
			);
			runOnlyForDeploymentPostprocessing = 0;
		};
/* End PBXResourcesBuildPhase section */

/* Begin PBXSourcesBuildPhase section */
		A50000020000000000000002 /* Sources */ = {
			isa = PBXSourcesBuildPhase;
			buildActionMask = 2147483647;
			files = (
				A10000010000000000000001 /* TransitAIApp.swift in Sources */,
				A10000020000000000000002 /* ContentView.swift in Sources */,
				A10000030000000000000003 /* TransitData.swift in Sources */,
				A10000040000000000000004 /* StringMatcher.swift in Sources */,
				A10000050000000000000005 /* AIEngine.swift in Sources */,
				A10000060000000000000006 /* LocationManager.swift in Sources */,
				A10000070000000000000007 /* SpeechRecognizer.swift in Sources */,
				A10000080000000000000008 /* DataPersistence.swift in Sources */,
				A10000090000000000000009 /* ChatScreen.swift in Sources */,
				8354ADDF2F0318C9006D7B42 /* SharedComponents.swift in Sources */,
				A10000100000000000000010 /* NearbyStopsScreen.swift in Sources */,
				A10000110000000000000011 /* SavedScreen.swift in Sources */,
				A10000120000000000000012 /* SettingsScreen.swift in Sources */,
				A10000130000000000000013 /* MapView.swift in Sources */,
				A10000140000000000000014 /* RouteModal.swift in Sources */,
			);
			runOnlyForDeploymentPostprocessing = 0;
		};
/* End PBXSourcesBuildPhase section */

/* Begin XCBuildConfiguration section */
		A80000010000000000000001 /* Debug */ = {
			isa = XCBuildConfiguration;
			buildSettings = {
				ALWAYS_SEARCH_USER_PATHS = NO;
				ASSETCATALOG_COMPILER_GENERATE_SWIFT_ASSET_SYMBOL_EXTENSIONS = YES;
				CLANG_ANALYZER_NONNULL = YES;
				CLANG_ANALYZER_NUMBER_OBJECT_CONVERSION = YES_AGGRESSIVE;
				CLANG_CXX_LANGUAGE_STANDARD = "gnu++20";
				CLANG_ENABLE_MODULES = YES;
				CLANG_ENABLE_OBJC_ARC = YES;
				CLANG_ENABLE_OBJC_WEAK = YES;
				CLANG_WARN_BLOCK_CAPTURE_AUTORELEASING = YES;
				CLANG_WARN_BOOL_CONVERSION = YES;
				CLANG_WARN_COMMA = YES;
				CLANG_WARN_CONSTANT_CONVERSION = YES;
				CLANG_WARN_DEPRECATED_OBJC_IMPLEMENTATIONS = YES;
				CLANG_WARN_DIRECT_OBJC_ISA_USAGE = YES_ERROR;
				CLANG_WARN_DOCUMENTATION_COMMENTS = YES;
				CLANG_WARN_EMPTY_BODY = YES;
				CLANG_WARN_ENUM_CONVERSION = YES;
				CLANG_WARN_INFINITE_RECURSION = YES;
				CLANG_WARN_INT_CONVERSION = YES;
				CLANG_WARN_NON_LITERAL_NULL_CONVERSION = YES;
				CLANG_WARN_OBJC_IMPLICIT_RETAIN_SELF = YES;
				CLANG_WARN_OBJC_LITERAL_CONVERSION = YES;
				CLANG_WARN_OBJC_ROOT_CLASS = YES_ERROR;
				CLANG_WARN_QUOTED_INCLUDE_IN_FRAMEWORK_HEADER = YES;
				CLANG_WARN_RANGE_LOOP_ANALYSIS = YES;
				CLANG_WARN_STRICT_PROTOTYPES = YES;
				CLANG_WARN_SUSPICIOUS_MOVE = YES;
				CLANG_WARN_UNGUARDED_AVAILABILITY = YES_AGGRESSIVE;
				CLANG_WARN_UNREACHABLE_CODE = YES;
				CLANG_WARN__DUPLICATE_METHOD_MATCH = YES;
				COPY_PHASE_STRIP = NO;
				DEBUG_INFORMATION_FORMAT = dwarf;
				ENABLE_STRICT_OBJC_MSGSEND = YES;
				ENABLE_TESTABILITY = YES;
				ENABLE_USER_SCRIPT_SANDBOXING = YES;
				GCC_C_LANGUAGE_STANDARD = gnu17;
				GCC_DYNAMIC_NO_PIC = NO;
				GCC_NO_COMMON_BLOCKS = YES;
				GCC_OPTIMIZATION_LEVEL = 0;
				GCC_PREPROCESSOR_DEFINITIONS = (
					"DEBUG=1",
					"$(inherited)",
				);
				GCC_WARN_64_TO_32_BIT_CONVERSION = YES;
				GCC_WARN_ABOUT_RETURN_TYPE = YES_ERROR;
				GCC_WARN_UNDECLARED_SELECTOR = YES;
				GCC_WARN_UNINITIALIZED_AUTOS = YES_AGGRESSIVE;
				GCC_WARN_UNUSED_FUNCTION = YES;
				GCC_WARN_UNUSED_VARIABLE = YES;
				IPHONEOS_DEPLOYMENT_TARGET = 17.0;
				LOCALIZATION_PREFERS_STRING_CATALOGS = YES;
				MTL_ENABLE_DEBUG_INFO = INCLUDE_SOURCE;
				MTL_FAST_MATH = YES;
				ONLY_ACTIVE_ARCH = YES;
				SDKROOT = iphoneos;
				SWIFT_ACTIVE_COMPILATION_CONDITIONS = "DEBUG $(inherited)";
				SWIFT_OPTIMIZATION_LEVEL = "-Onone";
			};
			name = Debug;
		};
		A80000020000000000000002 /* Release */ = {
			isa = XCBuildConfiguration;
			buildSettings = {
				ALWAYS_SEARCH_USER_PATHS = NO;
				ASSETCATALOG_COMPILER_GENERATE_SWIFT_ASSET_SYMBOL_EXTENSIONS = YES;
				CLANG_ANALYZER_NONNULL = YES;
				CLANG_ANALYZER_NUMBER_OBJECT_CONVERSION = YES_AGGRESSIVE;
				CLANG_CXX_LANGUAGE_STANDARD = "gnu++20";
				CLANG_ENABLE_MODULES = YES;
				CLANG_ENABLE_OBJC_ARC = YES;
				CLANG_ENABLE_OBJC_WEAK = YES;
				CLANG_WARN_BLOCK_CAPTURE_AUTORELEASING = YES;
				CLANG_WARN_BOOL_CONVERSION = YES;
				CLANG_WARN_COMMA = YES;
				CLANG_WARN_CONSTANT_CONVERSION = YES;
				CLANG_WARN_DEPRECATED_OBJC_IMPLEMENTATIONS = YES;
				CLANG_WARN_DIRECT_OBJC_ISA_USAGE = YES_ERROR;
				CLANG_WARN_DOCUMENTATION_COMMENTS = YES;
				CLANG_WARN_EMPTY_BODY = YES;
				CLANG_WARN_ENUM_CONVERSION = YES;
				CLANG_WARN_INFINITE_RECURSION = YES;
				CLANG_WARN_INT_CONVERSION = YES;
				CLANG_WARN_NON_LITERAL_NULL_CONVERSION = YES;
				CLANG_WARN_OBJC_IMPLICIT_RETAIN_SELF = YES;
				CLANG_WARN_OBJC_LITERAL_CONVERSION = YES;
				CLANG_WARN_OBJC_ROOT_CLASS = YES_ERROR;
				CLANG_WARN_QUOTED_INCLUDE_IN_FRAMEWORK_HEADER = YES;
				CLANG_WARN_RANGE_LOOP_ANALYSIS = YES;
				CLANG_WARN_STRICT_PROTOTYPES = YES;
				CLANG_WARN_SUSPICIOUS_MOVE = YES;
				CLANG_WARN_UNGUARDED_AVAILABILITY = YES_AGGRESSIVE;
				CLANG_WARN_UNREACHABLE_CODE = YES;
				CLANG_WARN__DUPLICATE_METHOD_MATCH = YES;
				COPY_PHASE_STRIP = NO;
				DEBUG_INFORMATION_FORMAT = "dwarf-with-dsym";
				ENABLE_NS_ASSERTIONS = NO;
				ENABLE_STRICT_OBJC_MSGSEND = YES;
				ENABLE_USER_SCRIPT_SANDBOXING = YES;
				GCC_C_LANGUAGE_STANDARD = gnu17;
				GCC_NO_COMMON_BLOCKS = YES;
				GCC_WARN_64_TO_32_BIT_CONVERSION = YES;
				GCC_WARN_ABOUT_RETURN_TYPE = YES_ERROR;
				GCC_WARN_UNDECLARED_SELECTOR = YES;
				GCC_WARN_UNINITIALIZED_AUTOS = YES_AGGRESSIVE;
				GCC_WARN_UNUSED_FUNCTION = YES;
				GCC_WARN_UNUSED_VARIABLE = YES;
				IPHONEOS_DEPLOYMENT_TARGET = 17.0;
				LOCALIZATION_PREFERS_STRING_CATALOGS = YES;
				MTL_ENABLE_DEBUG_INFO = NO;
				MTL_FAST_MATH = YES;
				SDKROOT = iphoneos;
				SWIFT_COMPILATION_MODE = wholemodule;
				VALIDATE_PRODUCT = YES;
			};
			name = Release;
		};
		A80000030000000000000003 /* Debug */ = {
			isa = XCBuildConfiguration;
			buildSettings = {
				ASSETCATALOG_COMPILER_APPICON_NAME = AppIcon;
				ASSETCATALOG_COMPILER_GLOBAL_ACCENT_COLOR_NAME = AccentColor;
				CODE_SIGN_STYLE = Automatic;
				CURRENT_PROJECT_VERSION = 1;
				DEVELOPMENT_TEAM = NAS75724KX;
				ENABLE_PREVIEWS = YES;
				GENERATE_INFOPLIST_FILE = NO;
				INFOPLIST_FILE = TransitAI/Info.plist;
				INFOPLIST_KEY_CFBundleDisplayName = TransitAI;
				INFOPLIST_KEY_LSApplicationCategoryType = "public.app-category.navigation";
				INFOPLIST_KEY_NSLocationWhenInUseUsageDescription = "TransitAI needs your location to navigate to nearby stops.";
				INFOPLIST_KEY_NSMicrophoneUsageDescription = "TransitAI uses the microphone for voice commands.";
				INFOPLIST_KEY_NSSpeechRecognitionUsageDescription = "TransitAI uses speech recognition for voice commands.";
				INFOPLIST_KEY_UIApplicationSceneManifest_Generation = YES;
				INFOPLIST_KEY_UIApplicationSupportsIndirectInputEvents = YES;
				INFOPLIST_KEY_UILaunchScreen_Generation = YES;
				INFOPLIST_KEY_UISupportedInterfaceOrientations_iPad = "UIInterfaceOrientationPortrait UIInterfaceOrientationPortraitUpsideDown UIInterfaceOrientationLandscapeLeft UIInterfaceOrientationLandscapeRight";
				INFOPLIST_KEY_UISupportedInterfaceOrientations_iPhone = UIInterfaceOrientationPortrait;
				INFOPLIST_KEY_UIUserInterfaceStyle = Dark;
				LD_RUNPATH_SEARCH_PATHS = (
					"$(inherited)",
					"@executable_path/Frameworks",
				);
				MARKETING_VERSION = 1.0;
				PRODUCT_BUNDLE_IDENTIFIER = cz.transitai.app;
				PRODUCT_NAME = "$(TARGET_NAME)";
				SWIFT_EMIT_LOC_STRINGS = YES;
				SWIFT_VERSION = 5.0;
				TARGETED_DEVICE_FAMILY = "1,2";
			};
			name = Debug;
		};
		A80000040000000000000004 /* Release */ = {
			isa = XCBuildConfiguration;
			buildSettings = {
				ASSETCATALOG_COMPILER_APPICON_NAME = AppIcon;
				ASSETCATALOG_COMPILER_GLOBAL_ACCENT_COLOR_NAME = AccentColor;
				CODE_SIGN_STYLE = Automatic;
				CURRENT_PROJECT_VERSION = 1;
				DEVELOPMENT_TEAM = NAS75724KX;
				ENABLE_PREVIEWS = YES;
				GENERATE_INFOPLIST_FILE = NO;
				INFOPLIST_FILE = TransitAI/Info.plist;
				INFOPLIST_KEY_CFBundleDisplayName = TransitAI;
				INFOPLIST_KEY_LSApplicationCategoryType = "public.app-category.navigation";
				INFOPLIST_KEY_NSLocationWhenInUseUsageDescription = "TransitAI needs your location to navigate to nearby stops.";
				INFOPLIST_KEY_NSMicrophoneUsageDescription = "TransitAI uses the microphone for voice commands.";
				INFOPLIST_KEY_NSSpeechRecognitionUsageDescription = "TransitAI uses speech recognition for voice commands.";
				INFOPLIST_KEY_UIApplicationSceneManifest_Generation = YES;
				INFOPLIST_KEY_UIApplicationSupportsIndirectInputEvents = YES;
				INFOPLIST_KEY_UILaunchScreen_Generation = YES;
				INFOPLIST_KEY_UISupportedInterfaceOrientations_iPad = "UIInterfaceOrientationPortrait UIInterfaceOrientationPortraitUpsideDown UIInterfaceOrientationLandscapeLeft UIInterfaceOrientationLandscapeRight";
				INFOPLIST_KEY_UISupportedInterfaceOrientations_iPhone = UIInterfaceOrientationPortrait;
				INFOPLIST_KEY_UIUserInterfaceStyle = Dark;
				LD_RUNPATH_SEARCH_PATHS = (
					"$(inherited)",
					"@executable_path/Frameworks",
				);
				MARKETING_VERSION = 1.0;
				PRODUCT_BUNDLE_IDENTIFIER = cz.transitai.app;
				PRODUCT_NAME = "$(TARGET_NAME)";
				SWIFT_EMIT_LOC_STRINGS = YES;
				SWIFT_VERSION = 5.0;
				TARGETED_DEVICE_FAMILY = "1,2";
			};
			name = Release;
		};
/* End XCBuildConfiguration section */

/* Begin XCConfigurationList section */
		A70000010000000000000001 /* Build configuration list for PBXNativeTarget "TransitAI" */ = {
			isa = XCConfigurationList;
			buildConfigurations = (
				A80000030000000000000003 /* Debug */,
				A80000040000000000000004 /* Release */,
			);
			defaultConfigurationIsVisible = 0;
			defaultConfigurationName = Release;
		};
		A70000020000000000000002 /* Build configuration list for PBXProject "TransitAI" */ = {
			isa = XCConfigurationList;
			buildConfigurations = (
				A80000010000000000000001 /* Debug */,
				A80000020000000000000002 /* Release */,
			);
			defaultConfigurationIsVisible = 0;
			defaultConfigurationName = Release;
		};
/* End XCConfigurationList section */
	};
	rootObject = A60000010000000000000001 /* Project object */;
}
